
Microsoft Visual Studio Solution File, Format Version 12.00
# Visual Studio Version 17
VisualStudioVersion = 17.9.34714.143
MinimumVisualStudioVersion = 10.0.40219.1
Project("{FAE04EC0-301F-11D3-BF4B-00C04F79EFBC}") = "Mailtrap.NET", "Mailtrap.NET\Mailtrap.NET.csproj", "{F3413196-98B4-470E-A4E7-5DEDBC9CF7EF}"
EndProject
Global
	GlobalSection(SolutionConfigurationPlatforms) = preSolution
		Debug|Any CPU = Debug|Any CPU
		Release|Any CPU = Release|Any CPU
	EndGlobalSection
	GlobalSection(ProjectConfigurationPlatforms) = postSolution
		{F3413196-98B4-470E-A4E7-5DEDBC9CF7EF}.Debug|Any CPU.ActiveCfg = Debug|Any CPU
		{F3413196-98B4-470E-A4E7-5DEDBC9CF7EF}.Debug|Any CPU.Build.0 = Debug|Any CPU
		{F3413196-98B4-470E-A4E7-5DEDBC9CF7EF}.Release|Any CPU.ActiveCfg = Release|Any CPU
		{F3413196-98B4-470E-A4E7-5DEDBC9CF7EF}.Release|Any CPU.Build.0 = Release|Any CPU
	EndGlobalSection
	GlobalSection(SolutionProperties) = preSolution
		HideSolutionNode = FALSE
	EndGlobalSection
	GlobalSection(ExtensibilityGlobals) = postSolution
		SolutionGuid = {1E113643-EA78-4E54-8601-57D620FD0671}
	EndGlobalSection
EndGlobal
